
Microsoft Visual Studio Solution File, Format Version 12.00
# Visual Studio Version 16
VisualStudioVersion = 16.0.31129.286
MinimumVisualStudioVersion = 10.0.40219.1
Project("{9A19103F-16F7-4668-BE54-9A1E7A4F7556}") = "Covid19_Services_Backend", "HighMoonSalesForWeb\Covid19_Services_Backend.csproj", "{7976ECF3-B357-42A4-87CF-AC06A531A4D0}"
EndProject
Global
	GlobalSection(SolutionConfigurationPlatforms) = preSolution
		Debug|Any CPU = Debug|Any CPU
		Release|Any CPU = Release|Any CPU
	EndGlobalSection
	GlobalSection(ProjectConfigurationPlatforms) = postSolution
		{7976ECF3-B357-42A4-87CF-AC06A531A4D0}.Debug|Any CPU.ActiveCfg = Debug|Any CPU
		{7976ECF3-B357-42A4-87CF-AC06A531A4D0}.Debug|Any CPU.Build.0 = Debug|Any CPU
		{7976ECF3-B357-42A4-87CF-AC06A531A4D0}.Release|Any CPU.ActiveCfg = Release|Any CPU
		{7976ECF3-B357-42A4-87CF-AC06A531A4D0}.Release|Any CPU.Build.0 = Release|Any CPU
	EndGlobalSection
	GlobalSection(SolutionProperties) = preSolution
		HideSolutionNode = FALSE
	EndGlobalSection
	GlobalSection(ExtensibilityGlobals) = postSolution
		SolutionGuid = {FEC4CBEB-26F1-4E8B-9F63-0E9134D3A85D}
	EndGlobalSection
EndGlobal
